{
  "nodes": {
    "nixpkgs": {
      "locked": {
        "lastModified": 1743689281,
        "narHash": "sha256-y7Hg5lwWhEOgflEHRfzSH96BOt26LaYfrYWzZ+VoVdg=",
        "owner": "NixOS",
        "repo": "nixpkgs",
        "rev": "2bfc080955153be0be56724be6fa5477b4eefabb",
        "type": "github"
      },
      "original": {
        "owner": "NixOS",
        "ref": "nixpkgs-unstable",
        "repo": "nixpkgs",
        "type": "github"
      }
    },
    "root": {
      "inputs": {
        "nixpkgs": "nixpkgs",
        "universe": "universe"
      }
    },
    "universe": {
      "flake": false,
      "locked": {
        "lastModified": 1743772349,
        "narHash": "sha256-psoggamPGpkcPWojQLKe4+keGjFfYgdK5wkOS1X+wAQ=",
        "owner": "typst",
        "repo": "packages",
        "rev": "cec5bbfc1c731f38feff118543e473c999a6cca5",
        "type": "github"
      },
      "original": {
        "owner": "typst",
        "ref": "main",
        "repo": "packages",
        "type": "github"
      }
    }
  },
  "root": "root",
  "version": 7
}
