{
  "nodes": {
    "nixpkgs": {
      "locked": {
        "lastModified": 1745377448,
        "narHash": "sha256-jhZDfXVKdD7TSEGgzFJQvEEZ2K65UMiqW5YJ2aIqxMA=",
        "owner": "NixOS",
        "repo": "nixpkgs",
        "rev": "507b63021ada5fee621b6ca371c4fca9ca46f52c",
        "type": "github"
      },
      "original": {
        "owner": "NixOS",
        "ref": "nixpkgs-unstable",
        "repo": "nixpkgs",
        "type": "github"
      }
    },
    "root": {
      "inputs": {
        "nixpkgs": "nixpkgs",
        "universe": "universe"
      }
    },
    "universe": {
      "flake": false,
      "locked": {
        "lastModified": 1745570128,
        "narHash": "sha256-1XmD/yOiWHrRFDUfHyZ2kcywkGjQfoEWRaFU339P6p4=",
        "owner": "typst",
        "repo": "packages",
        "rev": "482d02484f3d58799b5f1087593d544c971c97aa",
        "type": "github"
      },
      "original": {
        "owner": "typst",
        "ref": "main",
        "repo": "packages",
        "type": "github"
      }
    }
  },
  "root": "root",
  "version": 7
}
